
Microsoft Visual Studio Solution File, Format Version 12.00
# Visual Studio Version 17
VisualStudioVersion = 17.3.32929.385
MinimumVisualStudioVersion = 10.0.40219.1
Project("{FAE04EC0-301F-11D3-BF4B-00C04F79EFBC}") = "Module_12", "Module_12.csproj", "{28971EC8-5E60-47C1-9E51-9357C768A46B}"
EndProject
Global
	GlobalSection(SolutionConfigurationPlatforms) = preSolution
		Debug|Any CPU = Debug|Any CPU
		Release|Any CPU = Release|Any CPU
	EndGlobalSection
	GlobalSection(ProjectConfigurationPlatforms) = postSolution
		{28971EC8-5E60-47C1-9E51-9357C768A46B}.Debug|Any CPU.ActiveCfg = Debug|Any CPU
		{28971EC8-5E60-47C1-9E51-9357C768A46B}.Debug|Any CPU.Build.0 = Debug|Any CPU
		{28971EC8-5E60-47C1-9E51-9357C768A46B}.Release|Any CPU.ActiveCfg = Release|Any CPU
		{28971EC8-5E60-47C1-9E51-9357C768A46B}.Release|Any CPU.Build.0 = Release|Any CPU
	EndGlobalSection
	GlobalSection(SolutionProperties) = preSolution
		HideSolutionNode = FALSE
	EndGlobalSection
	GlobalSection(ExtensibilityGlobals) = postSolution
		SolutionGuid = {CC2FF09C-F7FB-4C89-AD45-FE195A237B0F}
	EndGlobalSection
EndGlobal
